
Microsoft Visual Studio Solution File, Format Version 12.00
# Visual Studio 2013
VisualStudioVersion = 12.0.21005.1
MinimumVisualStudioVersion = 10.0.40219.1
Project("{FAE04EC0-301F-11D3-BF4B-00C04F79EFBC}") = "HCFramework", "FlyTcpFramework\HCFramework.csproj", "{CDC3FC19-F0E5-47D3-B6F4-9D132ED71EB4}"
EndProject
Project("{FAE04EC0-301F-11D3-BF4B-00C04F79EFBC}") = "情义登录器V2", "情义三国V2\情义登录器V2.csproj", "{D2288EEB-0B1B-4F94-AABF-E4D249DD4DDB}"
EndProject
Project("{8BC9CEB8-8B4A-11D0-8D11-00A0C91BC942}") = "技能修改", "技能修改\技能修改.vcxproj", "{D1B020EA-0EFE-4F43-AA47-8CFA14AB20B8}"
EndProject
Project("{FAE04EC0-301F-11D3-BF4B-00C04F79EFBC}") = "自动升级", "自动升级\自动升级.csproj", "{AD597955-D9A6-4529-941C-C8FBEE989C14}"
EndProject
Project("{FAE04EC0-301F-11D3-BF4B-00C04F79EFBC}") = "常用工具", "BOSS刷新工具\常用工具.csproj", "{3196EA33-B281-4564-B3A1-8A95135316F2}"
EndProject
Project("{FAE04EC0-301F-11D3-BF4B-00C04F79EFBC}") = "注册服务器", "注册服务器\注册服务器.csproj", "{F238354B-1925-4B88-9993-8A727C0D7612}"
EndProject
Project("{FAE04EC0-301F-11D3-BF4B-00C04F79EFBC}") = "ItemModeSinglePanel", "ItemModeSinglePanel\ItemModeSinglePanel.csproj", "{7C323F9D-D078-4125-80F3-EE3A96E8AE7C}"
EndProject
Project("{8BC9CEB8-8B4A-11D0-8D11-00A0C91BC942}") = "Win32Client", "Win32Client\Win32Client.vcxproj", "{D0E628C8-6C45-47E8-B44D-E259979F3D65}"
EndProject
Project("{8BC9CEB8-8B4A-11D0-8D11-00A0C91BC942}") = "Win32Protect", "Win32Protect\Win32Protect.vcxproj", "{D1FF871A-0FBA-4FC6-B19C-0EA9F051EC5C}"
EndProject
Project("{8BC9CEB8-8B4A-11D0-8D11-00A0C91BC942}") = "Win32Update", "Win32Update\Win32Update.vcxproj", "{E358A2B9-6F8A-482F-9090-43004342C6D9}"
EndProject
Project("{FAE04EC0-301F-11D3-BF4B-00C04F79EFBC}") = "合区工具", "合区工具\合区工具.csproj", "{36020C07-6574-4496-B8EB-3069B3C8521F}"
EndProject
Project("{FAE04EC0-301F-11D3-BF4B-00C04F79EFBC}") = "SGDataHelper", "SGDataHelper\SGDataHelper.csproj", "{BC9D3674-4CB4-40A3-8A7A-A10539341AA3}"
EndProject
Project("{FAE04EC0-301F-11D3-BF4B-00C04F79EFBC}") = "地图编辑器", "地图编辑器\地图编辑器.csproj", "{48ED6471-F508-414A-9894-5F0BF7E478FE}"
EndProject
Project("{FAE04EC0-301F-11D3-BF4B-00C04F79EFBC}") = "物品工具", "物品工具\物品工具.csproj", "{BD9BF8BE-F9B4-472A-B5CF-B961734B1A88}"
EndProject
Project("{8BC9CEB8-8B4A-11D0-8D11-00A0C91BC942}") = "KeyScript", "KeyScript\KeyScript.vcxproj", "{CCC6DD09-1777-4F21-AC0F-2DD4CA1B0882}"
EndProject
Global
	GlobalSection(SolutionConfigurationPlatforms) = preSolution
		Debug|Any CPU = Debug|Any CPU
		Debug|Mixed Platforms = Debug|Mixed Platforms
		Debug|Win32 = Debug|Win32
		Debug|x64 = Debug|x64
		Debug|x86 = Debug|x86
		Release|Any CPU = Release|Any CPU
		Release|Mixed Platforms = Release|Mixed Platforms
		Release|Win32 = Release|Win32
		Release|x64 = Release|x64
		Release|x86 = Release|x86
	EndGlobalSection
	GlobalSection(ProjectConfigurationPlatforms) = postSolution
		{CDC3FC19-F0E5-47D3-B6F4-9D132ED71EB4}.Debug|Any CPU.ActiveCfg = Debug|Any CPU
		{CDC3FC19-F0E5-47D3-B6F4-9D132ED71EB4}.Debug|Any CPU.Build.0 = Debug|Any CPU
		{CDC3FC19-F0E5-47D3-B6F4-9D132ED71EB4}.Debug|Mixed Platforms.ActiveCfg = Debug|x86
		{CDC3FC19-F0E5-47D3-B6F4-9D132ED71EB4}.Debug|Mixed Platforms.Build.0 = Debug|x86
		{CDC3FC19-F0E5-47D3-B6F4-9D132ED71EB4}.Debug|Win32.ActiveCfg = Debug|x86
		{CDC3FC19-F0E5-47D3-B6F4-9D132ED71EB4}.Debug|Win32.Build.0 = Debug|x86
		{CDC3FC19-F0E5-47D3-B6F4-9D132ED71EB4}.Debug|x64.ActiveCfg = Debug|Any CPU
		{CDC3FC19-F0E5-47D3-B6F4-9D132ED71EB4}.Debug|x86.ActiveCfg = Debug|x86
		{CDC3FC19-F0E5-47D3-B6F4-9D132ED71EB4}.Debug|x86.Build.0 = Debug|x86
		{CDC3FC19-F0E5-47D3-B6F4-9D132ED71EB4}.Release|Any CPU.ActiveCfg = Release|Any CPU
		{CDC3FC19-F0E5-47D3-B6F4-9D132ED71EB4}.Release|Any CPU.Build.0 = Release|Any CPU
		{CDC3FC19-F0E5-47D3-B6F4-9D132ED71EB4}.Release|Mixed Platforms.ActiveCfg = Release|x86
		{CDC3FC19-F0E5-47D3-B6F4-9D132ED71EB4}.Release|Mixed Platforms.Build.0 = Release|x86
		{CDC3FC19-F0E5-47D3-B6F4-9D132ED71EB4}.Release|Win32.ActiveCfg = Release|x86
		{CDC3FC19-F0E5-47D3-B6F4-9D132ED71EB4}.Release|Win32.Build.0 = Release|x86
		{CDC3FC19-F0E5-47D3-B6F4-9D132ED71EB4}.Release|x64.ActiveCfg = Release|Any CPU
		{CDC3FC19-F0E5-47D3-B6F4-9D132ED71EB4}.Release|x86.ActiveCfg = Release|x86
		{CDC3FC19-F0E5-47D3-B6F4-9D132ED71EB4}.Release|x86.Build.0 = Release|x86
		{D2288EEB-0B1B-4F94-AABF-E4D249DD4DDB}.Debug|Any CPU.ActiveCfg = Debug|Any CPU
		{D2288EEB-0B1B-4F94-AABF-E4D249DD4DDB}.Debug|Any CPU.Build.0 = Debug|Any CPU
		{D2288EEB-0B1B-4F94-AABF-E4D249DD4DDB}.Debug|Mixed Platforms.ActiveCfg = Debug|x86
		{D2288EEB-0B1B-4F94-AABF-E4D249DD4DDB}.Debug|Mixed Platforms.Build.0 = Debug|x86
		{D2288EEB-0B1B-4F94-AABF-E4D249DD4DDB}.Debug|Win32.ActiveCfg = Debug|x86
		{D2288EEB-0B1B-4F94-AABF-E4D249DD4DDB}.Debug|Win32.Build.0 = Debug|x86
		{D2288EEB-0B1B-4F94-AABF-E4D249DD4DDB}.Debug|x64.ActiveCfg = Debug|Any CPU
		{D2288EEB-0B1B-4F94-AABF-E4D249DD4DDB}.Debug|x86.ActiveCfg = Debug|x86
		{D2288EEB-0B1B-4F94-AABF-E4D249DD4DDB}.Debug|x86.Build.0 = Debug|x86
		{D2288EEB-0B1B-4F94-AABF-E4D249DD4DDB}.Release|Any CPU.ActiveCfg = Release|Any CPU
		{D2288EEB-0B1B-4F94-AABF-E4D249DD4DDB}.Release|Any CPU.Build.0 = Release|Any CPU
		{D2288EEB-0B1B-4F94-AABF-E4D249DD4DDB}.Release|Mixed Platforms.ActiveCfg = Release|x86
		{D2288EEB-0B1B-4F94-AABF-E4D249DD4DDB}.Release|Mixed Platforms.Build.0 = Release|x86
		{D2288EEB-0B1B-4F94-AABF-E4D249DD4DDB}.Release|Win32.ActiveCfg = Release|x86
		{D2288EEB-0B1B-4F94-AABF-E4D249DD4DDB}.Release|Win32.Build.0 = Release|x86
		{D2288EEB-0B1B-4F94-AABF-E4D249DD4DDB}.Release|x64.ActiveCfg = Release|Any CPU
		{D2288EEB-0B1B-4F94-AABF-E4D249DD4DDB}.Release|x86.ActiveCfg = Release|x86
		{D2288EEB-0B1B-4F94-AABF-E4D249DD4DDB}.Release|x86.Build.0 = Release|x86
		{D1B020EA-0EFE-4F43-AA47-8CFA14AB20B8}.Debug|Any CPU.ActiveCfg = Debug|Win32
		{D1B020EA-0EFE-4F43-AA47-8CFA14AB20B8}.Debug|Mixed Platforms.ActiveCfg = Debug|Win32
		{D1B020EA-0EFE-4F43-AA47-8CFA14AB20B8}.Debug|Mixed Platforms.Build.0 = Debug|Win32
		{D1B020EA-0EFE-4F43-AA47-8CFA14AB20B8}.Debug|Win32.ActiveCfg = Debug|Win32
		{D1B020EA-0EFE-4F43-AA47-8CFA14AB20B8}.Debug|Win32.Build.0 = Debug|Win32
		{D1B020EA-0EFE-4F43-AA47-8CFA14AB20B8}.Debug|x64.ActiveCfg = Debug|Win32
		{D1B020EA-0EFE-4F43-AA47-8CFA14AB20B8}.Debug|x86.ActiveCfg = Debug|Win32
		{D1B020EA-0EFE-4F43-AA47-8CFA14AB20B8}.Debug|x86.Build.0 = Debug|Win32
		{D1B020EA-0EFE-4F43-AA47-8CFA14AB20B8}.Release|Any CPU.ActiveCfg = Release|Win32
		{D1B020EA-0EFE-4F43-AA47-8CFA14AB20B8}.Release|Mixed Platforms.ActiveCfg = Release|Win32
		{D1B020EA-0EFE-4F43-AA47-8CFA14AB20B8}.Release|Mixed Platforms.Build.0 = Release|Win32
		{D1B020EA-0EFE-4F43-AA47-8CFA14AB20B8}.Release|Win32.ActiveCfg = Release|Win32
		{D1B020EA-0EFE-4F43-AA47-8CFA14AB20B8}.Release|Win32.Build.0 = Release|Win32
		{D1B020EA-0EFE-4F43-AA47-8CFA14AB20B8}.Release|x64.ActiveCfg = Release|Win32
		{D1B020EA-0EFE-4F43-AA47-8CFA14AB20B8}.Release|x86.ActiveCfg = Release|Win32
		{D1B020EA-0EFE-4F43-AA47-8CFA14AB20B8}.Release|x86.Build.0 = Release|Win32
		{AD597955-D9A6-4529-941C-C8FBEE989C14}.Debug|Any CPU.ActiveCfg = Debug|Any CPU
		{AD597955-D9A6-4529-941C-C8FBEE989C14}.Debug|Any CPU.Build.0 = Debug|Any CPU
		{AD597955-D9A6-4529-941C-C8FBEE989C14}.Debug|Mixed Platforms.ActiveCfg = Debug|Any CPU
		{AD597955-D9A6-4529-941C-C8FBEE989C14}.Debug|Mixed Platforms.Build.0 = Debug|Any CPU
		{AD597955-D9A6-4529-941C-C8FBEE989C14}.Debug|Win32.ActiveCfg = Debug|Any CPU
		{AD597955-D9A6-4529-941C-C8FBEE989C14}.Debug|x64.ActiveCfg = Debug|Any CPU
		{AD597955-D9A6-4529-941C-C8FBEE989C14}.Debug|x86.ActiveCfg = Debug|Any CPU
		{AD597955-D9A6-4529-941C-C8FBEE989C14}.Release|Any CPU.ActiveCfg = Release|Any CPU
		{AD597955-D9A6-4529-941C-C8FBEE989C14}.Release|Any CPU.Build.0 = Release|Any CPU
		{AD597955-D9A6-4529-941C-C8FBEE989C14}.Release|Mixed Platforms.ActiveCfg = Release|Any CPU
		{AD597955-D9A6-4529-941C-C8FBEE989C14}.Release|Mixed Platforms.Build.0 = Release|Any CPU
		{AD597955-D9A6-4529-941C-C8FBEE989C14}.Release|Win32.ActiveCfg = Release|Any CPU
		{AD597955-D9A6-4529-941C-C8FBEE989C14}.Release|x64.ActiveCfg = Release|Any CPU
		{AD597955-D9A6-4529-941C-C8FBEE989C14}.Release|x86.ActiveCfg = Release|Any CPU
		{3196EA33-B281-4564-B3A1-8A95135316F2}.Debug|Any CPU.ActiveCfg = Debug|Any CPU
		{3196EA33-B281-4564-B3A1-8A95135316F2}.Debug|Any CPU.Build.0 = Debug|Any CPU
		{3196EA33-B281-4564-B3A1-8A95135316F2}.Debug|Mixed Platforms.ActiveCfg = Debug|Any CPU
		{3196EA33-B281-4564-B3A1-8A95135316F2}.Debug|Mixed Platforms.Build.0 = Debug|Any CPU
		{3196EA33-B281-4564-B3A1-8A95135316F2}.Debug|Win32.ActiveCfg = Debug|Any CPU
		{3196EA33-B281-4564-B3A1-8A95135316F2}.Debug|x64.ActiveCfg = Debug|Any CPU
		{3196EA33-B281-4564-B3A1-8A95135316F2}.Debug|x86.ActiveCfg = Debug|Any CPU
		{3196EA33-B281-4564-B3A1-8A95135316F2}.Release|Any CPU.ActiveCfg = Release|Any CPU
		{3196EA33-B281-4564-B3A1-8A95135316F2}.Release|Any CPU.Build.0 = Release|Any CPU
		{3196EA33-B281-4564-B3A1-8A95135316F2}.Release|Mixed Platforms.ActiveCfg = Release|Any CPU
		{3196EA33-B281-4564-B3A1-8A95135316F2}.Release|Mixed Platforms.Build.0 = Release|Any CPU
		{3196EA33-B281-4564-B3A1-8A95135316F2}.Release|Win32.ActiveCfg = Release|Any CPU
		{3196EA33-B281-4564-B3A1-8A95135316F2}.Release|x64.ActiveCfg = Release|Any CPU
		{3196EA33-B281-4564-B3A1-8A95135316F2}.Release|x86.ActiveCfg = Release|Any CPU
		{F238354B-1925-4B88-9993-8A727C0D7612}.Debug|Any CPU.ActiveCfg = Debug|Any CPU
		{F238354B-1925-4B88-9993-8A727C0D7612}.Debug|Any CPU.Build.0 = Debug|Any CPU
		{F238354B-1925-4B88-9993-8A727C0D7612}.Debug|Mixed Platforms.ActiveCfg = Debug|Any CPU
		{F238354B-1925-4B88-9993-8A727C0D7612}.Debug|Mixed Platforms.Build.0 = Debug|Any CPU
		{F238354B-1925-4B88-9993-8A727C0D7612}.Debug|Win32.ActiveCfg = Debug|Any CPU
		{F238354B-1925-4B88-9993-8A727C0D7612}.Debug|x64.ActiveCfg = Debug|Any CPU
		{F238354B-1925-4B88-9993-8A727C0D7612}.Debug|x86.ActiveCfg = Debug|Any CPU
		{F238354B-1925-4B88-9993-8A727C0D7612}.Release|Any CPU.ActiveCfg = Release|Any CPU
		{F238354B-1925-4B88-9993-8A727C0D7612}.Release|Any CPU.Build.0 = Release|Any CPU
		{F238354B-1925-4B88-9993-8A727C0D7612}.Release|Mixed Platforms.ActiveCfg = Release|Any CPU
		{F238354B-1925-4B88-9993-8A727C0D7612}.Release|Mixed Platforms.Build.0 = Release|Any CPU
		{F238354B-1925-4B88-9993-8A727C0D7612}.Release|Win32.ActiveCfg = Release|Any CPU
		{F238354B-1925-4B88-9993-8A727C0D7612}.Release|x64.ActiveCfg = Release|Any CPU
		{F238354B-1925-4B88-9993-8A727C0D7612}.Release|x86.ActiveCfg = Release|Any CPU
		{7C323F9D-D078-4125-80F3-EE3A96E8AE7C}.Debug|Any CPU.ActiveCfg = Debug|Any CPU
		{7C323F9D-D078-4125-80F3-EE3A96E8AE7C}.Debug|Any CPU.Build.0 = Debug|Any CPU
		{7C323F9D-D078-4125-80F3-EE3A96E8AE7C}.Debug|Mixed Platforms.ActiveCfg = Debug|Any CPU
		{7C323F9D-D078-4125-80F3-EE3A96E8AE7C}.Debug|Mixed Platforms.Build.0 = Debug|Any CPU
		{7C323F9D-D078-4125-80F3-EE3A96E8AE7C}.Debug|Win32.ActiveCfg = Debug|Any CPU
		{7C323F9D-D078-4125-80F3-EE3A96E8AE7C}.Debug|x64.ActiveCfg = Debug|Any CPU
		{7C323F9D-D078-4125-80F3-EE3A96E8AE7C}.Debug|x86.ActiveCfg = Debug|Any CPU
		{7C323F9D-D078-4125-80F3-EE3A96E8AE7C}.Release|Any CPU.ActiveCfg = Release|Any CPU
		{7C323F9D-D078-4125-80F3-EE3A96E8AE7C}.Release|Any CPU.Build.0 = Release|Any CPU
		{7C323F9D-D078-4125-80F3-EE3A96E8AE7C}.Release|Mixed Platforms.ActiveCfg = Release|Any CPU
		{7C323F9D-D078-4125-80F3-EE3A96E8AE7C}.Release|Mixed Platforms.Build.0 = Release|Any CPU
		{7C323F9D-D078-4125-80F3-EE3A96E8AE7C}.Release|Win32.ActiveCfg = Release|Any CPU
		{7C323F9D-D078-4125-80F3-EE3A96E8AE7C}.Release|x64.ActiveCfg = Release|Any CPU
		{7C323F9D-D078-4125-80F3-EE3A96E8AE7C}.Release|x86.ActiveCfg = Release|Any CPU
		{D0E628C8-6C45-47E8-B44D-E259979F3D65}.Debug|Any CPU.ActiveCfg = Debug|Win32
		{D0E628C8-6C45-47E8-B44D-E259979F3D65}.Debug|Mixed Platforms.ActiveCfg = Debug|Win32
		{D0E628C8-6C45-47E8-B44D-E259979F3D65}.Debug|Mixed Platforms.Build.0 = Debug|Win32
		{D0E628C8-6C45-47E8-B44D-E259979F3D65}.Debug|Win32.ActiveCfg = Debug|Win32
		{D0E628C8-6C45-47E8-B44D-E259979F3D65}.Debug|Win32.Build.0 = Debug|Win32
		{D0E628C8-6C45-47E8-B44D-E259979F3D65}.Debug|x64.ActiveCfg = Debug|Win32
		{D0E628C8-6C45-47E8-B44D-E259979F3D65}.Debug|x86.ActiveCfg = Debug|Win32
		{D0E628C8-6C45-47E8-B44D-E259979F3D65}.Debug|x86.Build.0 = Debug|Win32
		{D0E628C8-6C45-47E8-B44D-E259979F3D65}.Release|Any CPU.ActiveCfg = Release|Win32
		{D0E628C8-6C45-47E8-B44D-E259979F3D65}.Release|Mixed Platforms.ActiveCfg = Release|Win32
		{D0E628C8-6C45-47E8-B44D-E259979F3D65}.Release|Mixed Platforms.Build.0 = Release|Win32
		{D0E628C8-6C45-47E8-B44D-E259979F3D65}.Release|Win32.ActiveCfg = Release|Win32
		{D0E628C8-6C45-47E8-B44D-E259979F3D65}.Release|Win32.Build.0 = Release|Win32
		{D0E628C8-6C45-47E8-B44D-E259979F3D65}.Release|x64.ActiveCfg = Release|Win32
		{D0E628C8-6C45-47E8-B44D-E259979F3D65}.Release|x86.ActiveCfg = Release|Win32
		{D0E628C8-6C45-47E8-B44D-E259979F3D65}.Release|x86.Build.0 = Release|Win32
		{D1FF871A-0FBA-4FC6-B19C-0EA9F051EC5C}.Debug|Any CPU.ActiveCfg = Debug|Win32
		{D1FF871A-0FBA-4FC6-B19C-0EA9F051EC5C}.Debug|Mixed Platforms.ActiveCfg = Debug|Win32
		{D1FF871A-0FBA-4FC6-B19C-0EA9F051EC5C}.Debug|Mixed Platforms.Build.0 = Debug|Win32
		{D1FF871A-0FBA-4FC6-B19C-0EA9F051EC5C}.Debug|Win32.ActiveCfg = Debug|Win32
		{D1FF871A-0FBA-4FC6-B19C-0EA9F051EC5C}.Debug|Win32.Build.0 = Debug|Win32
		{D1FF871A-0FBA-4FC6-B19C-0EA9F051EC5C}.Debug|x64.ActiveCfg = Debug|Win32
		{D1FF871A-0FBA-4FC6-B19C-0EA9F051EC5C}.Debug|x86.ActiveCfg = Debug|Win32
		{D1FF871A-0FBA-4FC6-B19C-0EA9F051EC5C}.Debug|x86.Build.0 = Debug|Win32
		{D1FF871A-0FBA-4FC6-B19C-0EA9F051EC5C}.Release|Any CPU.ActiveCfg = Release|Win32
		{D1FF871A-0FBA-4FC6-B19C-0EA9F051EC5C}.Release|Mixed Platforms.ActiveCfg = Release|Win32
		{D1FF871A-0FBA-4FC6-B19C-0EA9F051EC5C}.Release|Mixed Platforms.Build.0 = Release|Win32
		{D1FF871A-0FBA-4FC6-B19C-0EA9F051EC5C}.Release|Win32.ActiveCfg = Release|Win32
		{D1FF871A-0FBA-4FC6-B19C-0EA9F051EC5C}.Release|Win32.Build.0 = Release|Win32
		{D1FF871A-0FBA-4FC6-B19C-0EA9F051EC5C}.Release|x64.ActiveCfg = Release|Win32
		{D1FF871A-0FBA-4FC6-B19C-0EA9F051EC5C}.Release|x86.ActiveCfg = Release|Win32
		{D1FF871A-0FBA-4FC6-B19C-0EA9F051EC5C}.Release|x86.Build.0 = Release|Win32
		{E358A2B9-6F8A-482F-9090-43004342C6D9}.Debug|Any CPU.ActiveCfg = Debug|Win32
		{E358A2B9-6F8A-482F-9090-43004342C6D9}.Debug|Mixed Platforms.ActiveCfg = Debug|Win32
		{E358A2B9-6F8A-482F-9090-43004342C6D9}.Debug|Mixed Platforms.Build.0 = Debug|Win32
		{E358A2B9-6F8A-482F-9090-43004342C6D9}.Debug|Win32.ActiveCfg = Debug|Win32
		{E358A2B9-6F8A-482F-9090-43004342C6D9}.Debug|Win32.Build.0 = Debug|Win32
		{E358A2B9-6F8A-482F-9090-43004342C6D9}.Debug|x64.ActiveCfg = Debug|Win32
		{E358A2B9-6F8A-482F-9090-43004342C6D9}.Debug|x86.ActiveCfg = Debug|Win32
		{E358A2B9-6F8A-482F-9090-43004342C6D9}.Debug|x86.Build.0 = Debug|Win32
		{E358A2B9-6F8A-482F-9090-43004342C6D9}.Release|Any CPU.ActiveCfg = Release|Win32
		{E358A2B9-6F8A-482F-9090-43004342C6D9}.Release|Mixed Platforms.ActiveCfg = Release|Win32
		{E358A2B9-6F8A-482F-9090-43004342C6D9}.Release|Mixed Platforms.Build.0 = Release|Win32
		{E358A2B9-6F8A-482F-9090-43004342C6D9}.Release|Win32.ActiveCfg = Release|Win32
		{E358A2B9-6F8A-482F-9090-43004342C6D9}.Release|Win32.Build.0 = Release|Win32
		{E358A2B9-6F8A-482F-9090-43004342C6D9}.Release|x64.ActiveCfg = Release|Win32
		{E358A2B9-6F8A-482F-9090-43004342C6D9}.Release|x86.ActiveCfg = Release|Win32
		{E358A2B9-6F8A-482F-9090-43004342C6D9}.Release|x86.Build.0 = Release|Win32
		{36020C07-6574-4496-B8EB-3069B3C8521F}.Debug|Any CPU.ActiveCfg = Debug|Any CPU
		{36020C07-6574-4496-B8EB-3069B3C8521F}.Debug|Any CPU.Build.0 = Debug|Any CPU
		{36020C07-6574-4496-B8EB-3069B3C8521F}.Debug|Mixed Platforms.ActiveCfg = Debug|Any CPU
		{36020C07-6574-4496-B8EB-3069B3C8521F}.Debug|Mixed Platforms.Build.0 = Debug|Any CPU
		{36020C07-6574-4496-B8EB-3069B3C8521F}.Debug|Win32.ActiveCfg = Debug|Any CPU
		{36020C07-6574-4496-B8EB-3069B3C8521F}.Debug|x64.ActiveCfg = Debug|Any CPU
		{36020C07-6574-4496-B8EB-3069B3C8521F}.Debug|x86.ActiveCfg = Debug|Any CPU
		{36020C07-6574-4496-B8EB-3069B3C8521F}.Release|Any CPU.ActiveCfg = Release|Any CPU
		{36020C07-6574-4496-B8EB-3069B3C8521F}.Release|Any CPU.Build.0 = Release|Any CPU
		{36020C07-6574-4496-B8EB-3069B3C8521F}.Release|Mixed Platforms.ActiveCfg = Release|Any CPU
		{36020C07-6574-4496-B8EB-3069B3C8521F}.Release|Mixed Platforms.Build.0 = Release|Any CPU
		{36020C07-6574-4496-B8EB-3069B3C8521F}.Release|Win32.ActiveCfg = Release|Any CPU
		{36020C07-6574-4496-B8EB-3069B3C8521F}.Release|x64.ActiveCfg = Release|Any CPU
		{36020C07-6574-4496-B8EB-3069B3C8521F}.Release|x86.ActiveCfg = Release|Any CPU
		{BC9D3674-4CB4-40A3-8A7A-A10539341AA3}.Debug|Any CPU.ActiveCfg = Debug|Any CPU
		{BC9D3674-4CB4-40A3-8A7A-A10539341AA3}.Debug|Any CPU.Build.0 = Debug|Any CPU
		{BC9D3674-4CB4-40A3-8A7A-A10539341AA3}.Debug|Mixed Platforms.ActiveCfg = Debug|Any CPU
		{BC9D3674-4CB4-40A3-8A7A-A10539341AA3}.Debug|Mixed Platforms.Build.0 = Debug|Any CPU
		{BC9D3674-4CB4-40A3-8A7A-A10539341AA3}.Debug|Win32.ActiveCfg = Debug|Any CPU
		{BC9D3674-4CB4-40A3-8A7A-A10539341AA3}.Debug|x64.ActiveCfg = Debug|Any CPU
		{BC9D3674-4CB4-40A3-8A7A-A10539341AA3}.Debug|x86.ActiveCfg = Debug|Any CPU
		{BC9D3674-4CB4-40A3-8A7A-A10539341AA3}.Release|Any CPU.ActiveCfg = Release|Any CPU
		{BC9D3674-4CB4-40A3-8A7A-A10539341AA3}.Release|Any CPU.Build.0 = Release|Any CPU
		{BC9D3674-4CB4-40A3-8A7A-A10539341AA3}.Release|Mixed Platforms.ActiveCfg = Release|Any CPU
		{BC9D3674-4CB4-40A3-8A7A-A10539341AA3}.Release|Mixed Platforms.Build.0 = Release|Any CPU
		{BC9D3674-4CB4-40A3-8A7A-A10539341AA3}.Release|Win32.ActiveCfg = Release|Any CPU
		{BC9D3674-4CB4-40A3-8A7A-A10539341AA3}.Release|x64.ActiveCfg = Release|Any CPU
		{BC9D3674-4CB4-40A3-8A7A-A10539341AA3}.Release|x86.ActiveCfg = Release|Any CPU
		{48ED6471-F508-414A-9894-5F0BF7E478FE}.Debug|Any CPU.ActiveCfg = Debug|Any CPU
		{48ED6471-F508-414A-9894-5F0BF7E478FE}.Debug|Any CPU.Build.0 = Debug|Any CPU
		{48ED6471-F508-414A-9894-5F0BF7E478FE}.Debug|Mixed Platforms.ActiveCfg = Debug|Any CPU
		{48ED6471-F508-414A-9894-5F0BF7E478FE}.Debug|Mixed Platforms.Build.0 = Debug|Any CPU
		{48ED6471-F508-414A-9894-5F0BF7E478FE}.Debug|Win32.ActiveCfg = Debug|Any CPU
		{48ED6471-F508-414A-9894-5F0BF7E478FE}.Debug|x64.ActiveCfg = Debug|Any CPU
		{48ED6471-F508-414A-9894-5F0BF7E478FE}.Debug|x86.ActiveCfg = Debug|Any CPU
		{48ED6471-F508-414A-9894-5F0BF7E478FE}.Release|Any CPU.ActiveCfg = Release|Any CPU
		{48ED6471-F508-414A-9894-5F0BF7E478FE}.Release|Any CPU.Build.0 = Release|Any CPU
		{48ED6471-F508-414A-9894-5F0BF7E478FE}.Release|Mixed Platforms.ActiveCfg = Release|Any CPU
		{48ED6471-F508-414A-9894-5F0BF7E478FE}.Release|Mixed Platforms.Build.0 = Release|Any CPU
		{48ED6471-F508-414A-9894-5F0BF7E478FE}.Release|Win32.ActiveCfg = Release|Any CPU
		{48ED6471-F508-414A-9894-5F0BF7E478FE}.Release|x64.ActiveCfg = Release|Any CPU
		{48ED6471-F508-414A-9894-5F0BF7E478FE}.Release|x86.ActiveCfg = Release|Any CPU
		{BD9BF8BE-F9B4-472A-B5CF-B961734B1A88}.Debug|Any CPU.ActiveCfg = Debug|Any CPU
		{BD9BF8BE-F9B4-472A-B5CF-B961734B1A88}.Debug|Any CPU.Build.0 = Debug|Any CPU
		{BD9BF8BE-F9B4-472A-B5CF-B961734B1A88}.Debug|Mixed Platforms.ActiveCfg = Debug|Any CPU
		{BD9BF8BE-F9B4-472A-B5CF-B961734B1A88}.Debug|Mixed Platforms.Build.0 = Debug|Any CPU
		{BD9BF8BE-F9B4-472A-B5CF-B961734B1A88}.Debug|Win32.ActiveCfg = Debug|Any CPU
		{BD9BF8BE-F9B4-472A-B5CF-B961734B1A88}.Debug|x64.ActiveCfg = Debug|Any CPU
		{BD9BF8BE-F9B4-472A-B5CF-B961734B1A88}.Debug|x86.ActiveCfg = Debug|Any CPU
		{BD9BF8BE-F9B4-472A-B5CF-B961734B1A88}.Release|Any CPU.ActiveCfg = Release|Any CPU
		{BD9BF8BE-F9B4-472A-B5CF-B961734B1A88}.Release|Any CPU.Build.0 = Release|Any CPU
		{BD9BF8BE-F9B4-472A-B5CF-B961734B1A88}.Release|Mixed Platforms.ActiveCfg = Release|Any CPU
		{BD9BF8BE-F9B4-472A-B5CF-B961734B1A88}.Release|Mixed Platforms.Build.0 = Release|Any CPU
		{BD9BF8BE-F9B4-472A-B5CF-B961734B1A88}.Release|Win32.ActiveCfg = Release|Any CPU
		{BD9BF8BE-F9B4-472A-B5CF-B961734B1A88}.Release|x64.ActiveCfg = Release|Any CPU
		{BD9BF8BE-F9B4-472A-B5CF-B961734B1A88}.Release|x86.ActiveCfg = Release|Any CPU
		{CCC6DD09-1777-4F21-AC0F-2DD4CA1B0882}.Debug|Any CPU.ActiveCfg = Debug|Win32
		{CCC6DD09-1777-4F21-AC0F-2DD4CA1B0882}.Debug|Mixed Platforms.ActiveCfg = Debug|Win32
		{CCC6DD09-1777-4F21-AC0F-2DD4CA1B0882}.Debug|Mixed Platforms.Build.0 = Debug|Win32
		{CCC6DD09-1777-4F21-AC0F-2DD4CA1B0882}.Debug|Win32.ActiveCfg = Debug|Win32
		{CCC6DD09-1777-4F21-AC0F-2DD4CA1B0882}.Debug|Win32.Build.0 = Debug|Win32
		{CCC6DD09-1777-4F21-AC0F-2DD4CA1B0882}.Debug|x64.ActiveCfg = Debug|Win32
		{CCC6DD09-1777-4F21-AC0F-2DD4CA1B0882}.Debug|x86.ActiveCfg = Debug|Win32
		{CCC6DD09-1777-4F21-AC0F-2DD4CA1B0882}.Debug|x86.Build.0 = Debug|Win32
		{CCC6DD09-1777-4F21-AC0F-2DD4CA1B0882}.Release|Any CPU.ActiveCfg = Release|Win32
		{CCC6DD09-1777-4F21-AC0F-2DD4CA1B0882}.Release|Mixed Platforms.ActiveCfg = Release|Win32
		{CCC6DD09-1777-4F21-AC0F-2DD4CA1B0882}.Release|Mixed Platforms.Build.0 = Release|Win32
		{CCC6DD09-1777-4F21-AC0F-2DD4CA1B0882}.Release|Win32.ActiveCfg = Release|Win32
		{CCC6DD09-1777-4F21-AC0F-2DD4CA1B0882}.Release|Win32.Build.0 = Release|Win32
		{CCC6DD09-1777-4F21-AC0F-2DD4CA1B0882}.Release|x64.ActiveCfg = Release|Win32
		{CCC6DD09-1777-4F21-AC0F-2DD4CA1B0882}.Release|x86.ActiveCfg = Release|Win32
		{CCC6DD09-1777-4F21-AC0F-2DD4CA1B0882}.Release|x86.Build.0 = Release|Win32
	EndGlobalSection
	GlobalSection(SolutionProperties) = preSolution
		HideSolutionNode = FALSE
	EndGlobalSection
EndGlobal
