<?xml version="1.0" encoding="utf-8"?>
<Project ToolsVersion="4.0" xmlns="http://schemas.microsoft.com/developer/msbuild/2003">
  <ItemGroup>
    <Filter Include="源文件">
      <UniqueIdentifier>{4FC737F1-C7A5-4376-A066-2A32D752A2FF}</UniqueIdentifier>
      <Extensions>cpp;c;cc;cxx;def;odl;idl;hpj;bat;asm;asmx</Extensions>
    </Filter>
    <Filter Include="头文件">
      <UniqueIdentifier>{93995380-89BD-4b04-88EB-625FBE52EBFB}</UniqueIdentifier>
      <Extensions>h;hpp;hxx;hm;inl;inc;xsd</Extensions>
    </Filter>
    <Filter Include="资源文件">
      <UniqueIdentifier>{67DA6AB6-F800-4c08-8B7A-83BB121AAD01}</UniqueIdentifier>
      <Extensions>rc;ico;cur;bmp;dlg;rc2;rct;bin;rgs;gif;jpg;jpeg;jpe;resx;tiff;tif;png;wav;mfcribbon-ms</Extensions>
    </Filter>
  </ItemGroup>
  <ItemGroup>
    <Text Include="ReadMe.txt" />
  </ItemGroup>
  <ItemGroup>
    <ClInclude Include="HCSG_Manager.h">
      <Filter>头文件</Filter>
    </ClInclude>
    <ClInclude Include="HCSG_ManagerDlg.h">
      <Filter>头文件</Filter>
    </ClInclude>
    <ClInclude Include="stdafx.h">
      <Filter>头文件</Filter>
    </ClInclude>
    <ClInclude Include="targetver.h">
      <Filter>头文件</Filter>
    </ClInclude>
    <ClInclude Include="Resource.h">
      <Filter>头文件</Filter>
    </ClInclude>
    <ClInclude Include="LoginDlg.h">
      <Filter>头文件</Filter>
    </ClInclude>
    <ClInclude Include="MyTabCtrl.h">
      <Filter>头文件</Filter>
    </ClInclude>
    <ClInclude Include="AttrDlg.h">
      <Filter>头文件</Filter>
    </ClInclude>
    <ClInclude Include="CBDlg.h">
      <Filter>头文件</Filter>
    </ClInclude>
    <ClInclude Include="XubaoDlg.h">
      <Filter>头文件</Filter>
    </ClInclude>
    <ClInclude Include="CwarPlayerDlg.h">
      <Filter>头文件</Filter>
    </ClInclude>
    <ClInclude Include="CwarOrgDlg.h">
      <Filter>头文件</Filter>
    </ClInclude>
    <ClInclude Include="XColorStatic.h">
      <Filter>头文件</Filter>
    </ClInclude>
    <ClInclude Include="FontSize.h">
      <Filter>头文件</Filter>
    </ClInclude>
    <ClInclude Include="StructDef.h">
      <Filter>头文件</Filter>
    </ClInclude>
    <ClInclude Include="LogDlg.h">
      <Filter>头文件</Filter>
    </ClInclude>
    <ClInclude Include="Vip.h">
      <Filter>头文件</Filter>
    </ClInclude>
    <ClInclude Include="Local_com.h">
      <Filter>头文件</Filter>
    </ClInclude>
    <ClInclude Include="PlayerListDlg.h">
      <Filter>头文件</Filter>
    </ClInclude>
    <ClInclude Include="ItemDlg.h">
      <Filter>头文件</Filter>
    </ClInclude>
    <ClInclude Include="StoreDlg.h">
      <Filter>头文件</Filter>
    </ClInclude>
    <ClInclude Include="md5.h">
      <Filter>头文件</Filter>
    </ClInclude>
  </ItemGroup>
  <ItemGroup>
    <ClCompile Include="HCSG_Manager.cpp">
      <Filter>源文件</Filter>
    </ClCompile>
    <ClCompile Include="HCSG_ManagerDlg.cpp">
      <Filter>源文件</Filter>
    </ClCompile>
    <ClCompile Include="stdafx.cpp">
      <Filter>源文件</Filter>
    </ClCompile>
    <ClCompile Include="LoginDlg.cpp">
      <Filter>源文件</Filter>
    </ClCompile>
    <ClCompile Include="MyTabCtrl.cpp">
      <Filter>源文件</Filter>
    </ClCompile>
    <ClCompile Include="AttrDlg.cpp">
      <Filter>源文件</Filter>
    </ClCompile>
    <ClCompile Include="CBDlg.cpp">
      <Filter>源文件</Filter>
    </ClCompile>
    <ClCompile Include="XubaoDlg.cpp">
      <Filter>源文件</Filter>
    </ClCompile>
    <ClCompile Include="CwarPlayerDlg.cpp">
      <Filter>源文件</Filter>
    </ClCompile>
    <ClCompile Include="CwarOrgDlg.cpp">
      <Filter>源文件</Filter>
    </ClCompile>
    <ClCompile Include="XColorStatic.cpp">
      <Filter>源文件</Filter>
    </ClCompile>
    <ClCompile Include="FontSize.cpp">
      <Filter>源文件</Filter>
    </ClCompile>
    <ClCompile Include="LogDlg.cpp">
      <Filter>源文件</Filter>
    </ClCompile>
    <ClCompile Include="Vip.cpp">
      <Filter>源文件</Filter>
    </ClCompile>
    <ClCompile Include="Local_com.cpp">
      <Filter>源文件</Filter>
    </ClCompile>
    <ClCompile Include="PlayerListDlg.cpp">
      <Filter>源文件</Filter>
    </ClCompile>
    <ClCompile Include="ItemDlg.cpp">
      <Filter>源文件</Filter>
    </ClCompile>
    <ClCompile Include="StoreDlg.cpp">
      <Filter>源文件</Filter>
    </ClCompile>
    <ClCompile Include="md5.cpp">
      <Filter>源文件</Filter>
    </ClCompile>
  </ItemGroup>
  <ItemGroup>
    <ResourceCompile Include="HCSG_Manager.rc">
      <Filter>资源文件</Filter>
    </ResourceCompile>
  </ItemGroup>
  <ItemGroup>
    <None Include="res\HCSG_Manager.rc2">
      <Filter>资源文件</Filter>
    </None>
    <None Include="ClassDiagram.cd" />
  </ItemGroup>
  <ItemGroup>
    <Image Include="res\HCSG_Manager.ico">
      <Filter>资源文件</Filter>
    </Image>
    <Image Include="..\..\..\..\Users\yqli\Desktop\新建文件夹\皇.ico">
      <Filter>资源文件</Filter>
    </Image>
    <Image Include="res\皇.ico">
      <Filter>资源文件</Filter>
    </Image>
  </ItemGroup>
</Project>